
Microsoft Visual Studio Solution File, Format Version 12.00
# Visual Studio Version 17
VisualStudioVersion = 17.0.31903.59
MinimumVisualStudioVersion = 10.0.40219.1
Project("{FAE04EC0-301F-11D3-BF4B-00C04F79EFBC}") = "ConsoleApp1", "ConsoleApp1\ConsoleApp1.csproj", "{171F398B-C811-464E-A5AB-98D803A6B5E9}"
EndProject
Project("{FAE04EC0-301F-11D3-BF4B-00C04F79EFBC}") = "ConsoleApp1.Tests", "ConsoleApp1.Tests\ConsoleApp1.Tests.csproj", "{AC2BDEA3-2398-4CBE-ACA8-7BC05D807E3A}"
EndProject
Global
	GlobalSection(SolutionConfigurationPlatforms) = preSolution
		Debug|Any CPU = Debug|Any CPU
		Release|Any CPU = Release|Any CPU
	EndGlobalSection
	GlobalSection(SolutionProperties) = preSolution
		HideSolutionNode = FALSE
	EndGlobalSection
	GlobalSection(ProjectConfigurationPlatforms) = postSolution
		{171F398B-C811-464E-A5AB-98D803A6B5E9}.Debug|Any CPU.ActiveCfg = Debug|Any CPU
		{171F398B-C811-464E-A5AB-98D803A6B5E9}.Debug|Any CPU.Build.0 = Debug|Any CPU
		{171F398B-C811-464E-A5AB-98D803A6B5E9}.Release|Any CPU.ActiveCfg = Release|Any CPU
		{171F398B-C811-464E-A5AB-98D803A6B5E9}.Release|Any CPU.Build.0 = Release|Any CPU
		{AC2BDEA3-2398-4CBE-ACA8-7BC05D807E3A}.Debug|Any CPU.ActiveCfg = Debug|Any CPU
		{AC2BDEA3-2398-4CBE-ACA8-7BC05D807E3A}.Debug|Any CPU.Build.0 = Debug|Any CPU
		{AC2BDEA3-2398-4CBE-ACA8-7BC05D807E3A}.Release|Any CPU.ActiveCfg = Release|Any CPU
		{AC2BDEA3-2398-4CBE-ACA8-7BC05D807E3A}.Release|Any CPU.Build.0 = Release|Any CPU
	EndGlobalSection
EndGlobal
